// !$*UTF8*$!
{
	archiveVersion = 1;
	classes = {
	};
	objectVersion = 50;
	objects = {

/* Begin PBXBuildFile section */
		4C7AB3F92345079600746796 /* AppDelegate.swift in Sources */ = {isa = PBXBuildFile; fileRef = 4C7AB3F82345079600746796 /* AppDelegate.swift */; };
		4C7AB3FB2345079600746796 /* SceneDelegate.swift in Sources */ = {isa = PBXBuildFile; fileRef = 4C7AB3FA2345079600746796 /* SceneDelegate.swift */; };
		4C7AB3FD2345079600746796 /* ViewController.swift in Sources */ = {isa = PBXBuildFile; fileRef = 4C7AB3FC2345079600746796 /* ViewController.swift */; };
		4C7AB4002345079600746796 /* Main.storyboard in Resources */ = {isa = PBXBuildFile; fileRef = 4C7AB3FE2345079600746796 /* Main.storyboard */; };
		4C7AB4022345079700746796 /* Assets.xcassets in Resources */ = {isa = PBXBuildFile; fileRef = 4C7AB4012345079700746796 /* Assets.xcassets */; };
		4C7AB4052345079700746796 /* LaunchScreen.storyboard in Resources */ = {isa = PBXBuildFile; fileRef = 4C7AB4032345079700746796 /* LaunchScreen.storyboard */; };
		4C7AB411234509A000746796 /* Nunito-Light.ttf in Resources */ = {isa = PBXBuildFile; fileRef = 4C7AB410234509A000746796 /* Nunito-Light.ttf */; };
		4C7AB415234A270200746796 /* Creation.swift in Sources */ = {isa = PBXBuildFile; fileRef = 4C7AB414234A270200746796 /* Creation.swift */; };
		4C7AB417234A271600746796 /* ColorSwatch.swift in Sources */ = {isa = PBXBuildFile; fileRef = 4C7AB416234A271600746796 /* ColorSwatch.swift */; };
/* End PBXBuildFile section */

/* Begin PBXFileReference section */
		4C7AB3F52345079600746796 /* frameIT2.app */ = {isa = PBXFileReference; explicitFileType = wrapper.application; includeInIndex = 0; path = frameIT2.app; sourceTree = BUILT_PRODUCTS_DIR; };
		4C7AB3F82345079600746796 /* AppDelegate.swift */ = {isa = PBXFileReference; lastKnownFileType = sourcecode.swift; path = AppDelegate.swift; sourceTree = "<group>"; };
		4C7AB3FA2345079600746796 /* SceneDelegate.swift */ = {isa = PBXFileReference; lastKnownFileType = sourcecode.swift; path = SceneDelegate.swift; sourceTree = "<group>"; };
		4C7AB3FC2345079600746796 /* ViewController.swift */ = {isa = PBXFileReference; lastKnownFileType = sourcecode.swift; path = ViewController.swift; sourceTree = "<group>"; };
		4C7AB3FF2345079600746796 /* Base */ = {isa = PBXFileReference; lastKnownFileType = file.storyboard; name = Base; path = Base.lproj/Main.storyboard; sourceTree = "<group>"; };
		4C7AB4012345079700746796 /* Assets.xcassets */ = {isa = PBXFileReference; lastKnownFileType = folder.assetcatalog; path = Assets.xcassets; sourceTree = "<group>"; };
		4C7AB4042345079700746796 /* Base */ = {isa = PBXFileReference; lastKnownFileType = file.storyboard; name = Base; path = Base.lproj/LaunchScreen.storyboard; sourceTree = "<group>"; };
		4C7AB4062345079700746796 /* Info.plist */ = {isa = PBXFileReference; lastKnownFileType = text.plist.xml; path = Info.plist; sourceTree = "<group>"; };
		4C7AB410234509A000746796 /* Nunito-Light.ttf */ = {isa = PBXFileReference; lastKnownFileType = file; path = "Nunito-Light.ttf"; sourceTree = "<group>"; };
		4C7AB414234A270200746796 /* Creation.swift */ = {isa = PBXFileReference; lastKnownFileType = sourcecode.swift; path = Creation.swift; sourceTree = "<group>"; };
		4C7AB416234A271600746796 /* ColorSwatch.swift */ = {isa = PBXFileReference; lastKnownFileType = sourcecode.swift; path = ColorSwatch.swift; sourceTree = "<group>"; };
/* End PBXFileReference section */

/* Begin PBXFrameworksBuildPhase section */
		4C7AB3F22345079600746796 /* Frameworks */ = {
			isa = PBXFrameworksBuildPhase;
			buildActionMask = 2147483647;
			files = (
			);
			runOnlyForDeploymentPostprocessing = 0;
		};
/* End PBXFrameworksBuildPhase section */

/* Begin PBXGroup section */
		4C7AB3EC2345079600746796 = {
			isa = PBXGroup;
			children = (
				4C7AB3F72345079600746796 /* frameIT2 */,
				4C7AB3F62345079600746796 /* Products */,
			);
			sourceTree = "<group>";
		};
		4C7AB3F62345079600746796 /* Products */ = {
			isa = PBXGroup;
			children = (
				4C7AB3F52345079600746796 /* frameIT2.app */,
			);
			name = Products;
			sourceTree = "<group>";
		};
		4C7AB3F72345079600746796 /* frameIT2 */ = {
			isa = PBXGroup;
			children = (
				4C7AB40F234508A700746796 /* model */,
				4C7AB40E2345089D00746796 /* view */,
				4C7AB40D2345089300746796 /* controller */,
				4C7AB40C2345088B00746796 /* supporting files */,
			);
			path = frameIT2;
			sourceTree = "<group>";
		};
		4C7AB40C2345088B00746796 /* supporting files */ = {
			isa = PBXGroup;
			children = (
				4C7AB3F82345079600746796 /* AppDelegate.swift */,
				4C7AB3FA2345079600746796 /* SceneDelegate.swift */,
				4C7AB4012345079700746796 /* Assets.xcassets */,
				4C7AB4032345079700746796 /* LaunchScreen.storyboard */,
				4C7AB4062345079700746796 /* Info.plist */,
				4C7AB410234509A000746796 /* Nunito-Light.ttf */,
			);
			name = "supporting files";
			sourceTree = "<group>";
		};
		4C7AB40D2345089300746796 /* controller */ = {
			isa = PBXGroup;
			children = (
				4C7AB3FC2345079600746796 /* ViewController.swift */,
			);
			name = controller;
			sourceTree = "<group>";
		};
		4C7AB40E2345089D00746796 /* view */ = {
			isa = PBXGroup;
			children = (
				4C7AB3FE2345079600746796 /* Main.storyboard */,
			);
			path = view;
			sourceTree = "<group>";
		};
		4C7AB40F234508A700746796 /* model */ = {
			isa = PBXGroup;
			children = (
				4C7AB416234A271600746796 /* ColorSwatch.swift */,
				4C7AB414234A270200746796 /* Creation.swift */,
			);
			path = model;
			sourceTree = "<group>";
		};
/* End PBXGroup section */

/* Begin PBXNativeTarget section */
		4C7AB3F42345079600746796 /* frameIT2 */ = {
			isa = PBXNativeTarget;
			buildConfigurationList = 4C7AB4092345079700746796 /* Build configuration list for PBXNativeTarget "frameIT2" */;
			buildPhases = (
				4C7AB3F12345079600746796 /* Sources */,
				4C7AB3F22345079600746796 /* Frameworks */,
				4C7AB3F32345079600746796 /* Resources */,
			);
			buildRules = (
			);
			dependencies = (
			);
			name = frameIT2;
			productName = frameIT2;
			productReference = 4C7AB3F52345079600746796 /* frameIT2.app */;
			productType = "com.apple.product-type.application";
		};
/* End PBXNativeTarget section */

/* Begin PBXProject section */
		4C7AB3ED2345079600746796 /* Project object */ = {
			isa = PBXProject;
			attributes = {
				LastSwiftUpdateCheck = 1100;
				LastUpgradeCheck = 1100;
				ORGANIZATIONNAME = "Kalin Balabanov";
				TargetAttributes = {
					4C7AB3F42345079600746796 = {
						CreatedOnToolsVersion = 11.0;
					};
				};
			};
			buildConfigurationList = 4C7AB3F02345079600746796 /* Build configuration list for PBXProject "frameIT2" */;
			compatibilityVersion = "Xcode 9.3";
			developmentRegion = en;
			hasScannedForEncodings = 0;
			knownRegions = (
				en,
				Base,
			);
			mainGroup = 4C7AB3EC2345079600746796;
			productRefGroup = 4C7AB3F62345079600746796 /* Products */;
			projectDirPath = "";
			projectRoot = "";
			targets = (
				4C7AB3F42345079600746796 /* frameIT2 */,
			);
		};
/* End PBXProject section */

/* Begin PBXResourcesBuildPhase section */
		4C7AB3F32345079600746796 /* Resources */ = {
			isa = PBXResourcesBuildPhase;
			buildActionMask = 2147483647;
			files = (
				4C7AB4052345079700746796 /* LaunchScreen.storyboard in Resources */,
				4C7AB4022345079700746796 /* Assets.xcassets in Resources */,
				4C7AB411234509A000746796 /* Nunito-Light.ttf in Resources */,
				4C7AB4002345079600746796 /* Main.storyboard in Resources */,
			);
			runOnlyForDeploymentPostprocessing = 0;
		};
/* End PBXResourcesBuildPhase section */

/* Begin PBXSourcesBuildPhase section */
		4C7AB3F12345079600746796 /* Sources */ = {
			isa = PBXSourcesBuildPhase;
			buildActionMask = 2147483647;
			files = (
				4C7AB3FD2345079600746796 /* ViewController.swift in Sources */,
				4C7AB3F92345079600746796 /* AppDelegate.swift in Sources */,
				4C7AB415234A270200746796 /* Creation.swift in Sources */,
				4C7AB417234A271600746796 /* ColorSwatch.swift in Sources */,
				4C7AB3FB2345079600746796 /* SceneDelegate.swift in Sources */,
			);
			runOnlyForDeploymentPostprocessing = 0;
		};
/* End PBXSourcesBuildPhase section */

/* Begin PBXVariantGroup section */
		4C7AB3FE2345079600746796 /* Main.storyboard */ = {
			isa = PBXVariantGroup;
			children = (
				4C7AB3FF2345079600746796 /* Base */,
			);
			name = Main.storyboard;
			sourceTree = "<group>";
		};
		4C7AB4032345079700746796 /* LaunchScreen.storyboard */ = {
			isa = PBXVariantGroup;
			children = (
				4C7AB4042345079700746796 /* Base */,
			);
			name = LaunchScreen.storyboard;
			sourceTree = "<group>";
		};
/* End PBXVariantGroup section */

/* Begin XCBuildConfiguration section */
		4C7AB4072345079700746796 /* Debug */ = {
			isa = XCBuildConfiguration;
			buildSettings = {
				ALWAYS_SEARCH_USER_PATHS = NO;
				CLANG_ANALYZER_NONNULL = YES;
				CLANG_ANALYZER_NUMBER_OBJECT_CONVERSION = YES_AGGRESSIVE;
				CLANG_CXX_LANGUAGE_STANDARD = "gnu++14";
				CLANG_CXX_LIBRARY = "libc++";
				CLANG_ENABLE_MODULES = YES;
				CLANG_ENABLE_OBJC_ARC = YES;
				CLANG_ENABLE_OBJC_WEAK = YES;
				CLANG_WARN_BLOCK_CAPTURE_AUTORELEASING = YES;
				CLANG_WARN_BOOL_CONVERSION = YES;
				CLANG_WARN_COMMA = YES;
				CLANG_WARN_CONSTANT_CONVERSION = YES;
				CLANG_WARN_DEPRECATED_OBJC_IMPLEMENTATIONS = YES;
				CLANG_WARN_DIRECT_OBJC_ISA_USAGE = YES_ERROR;
				CLANG_WARN_DOCUMENTATION_COMMENTS = YES;
				CLANG_WARN_EMPTY_BODY = YES;
				CLANG_WARN_ENUM_CONVERSION = YES;
				CLANG_WARN_INFINITE_RECURSION = YES;
				CLANG_WARN_INT_CONVERSION = YES;
				CLANG_WARN_NON_LITERAL_NULL_CONVERSION = YES;
				CLANG_WARN_OBJC_IMPLICIT_RETAIN_SELF = YES;
				CLANG_WARN_OBJC_LITERAL_CONVERSION = YES;
				CLANG_WARN_OBJC_ROOT_CLASS = YES_ERROR;
				CLANG_WARN_RANGE_LOOP_ANALYSIS = YES;
				CLANG_WARN_STRICT_PROTOTYPES = YES;
				CLANG_WARN_SUSPICIOUS_MOVE = YES;
				CLANG_WARN_UNGUARDED_AVAILABILITY = YES_AGGRESSIVE;
				CLANG_WARN_UNREACHABLE_CODE = YES;
				CLANG_WARN__DUPLICATE_METHOD_MATCH = YES;
				COPY_PHASE_STRIP = NO;
				DEBUG_INFORMATION_FORMAT = dwarf;
				ENABLE_STRICT_OBJC_MSGSEND = YES;
				ENABLE_TESTABILITY = YES;
				GCC_C_LANGUAGE_STANDARD = gnu11;
				GCC_DYNAMIC_NO_PIC = NO;
				GCC_NO_COMMON_BLOCKS = YES;
				GCC_OPTIMIZATION_LEVEL = 0;
				GCC_PREPROCESSOR_DEFINITIONS = (
					"DEBUG=1",
					"$(inherited)",
				);
				GCC_WARN_64_TO_32_BIT_CONVERSION = YES;
				GCC_WARN_ABOUT_RETURN_TYPE = YES_ERROR;
				GCC_WARN_UNDECLARED_SELECTOR = YES;
				GCC_WARN_UNINITIALIZED_AUTOS = YES_AGGRESSIVE;
				GCC_WARN_UNUSED_FUNCTION = YES;
				GCC_WARN_UNUSED_VARIABLE = YES;
				IPHONEOS_DEPLOYMENT_TARGET = 13.0;
				MTL_ENABLE_DEBUG_INFO = INCLUDE_SOURCE;
				MTL_FAST_MATH = YES;
				ONLY_ACTIVE_ARCH = YES;
				SDKROOT = iphoneos;
				SWIFT_ACTIVE_COMPILATION_CONDITIONS = DEBUG;
				SWIFT_OPTIMIZATION_LEVEL = "-Onone";
			};
			name = Debug;
		};
		4C7AB4082345079700746796 /* Release */ = {
			isa = XCBuildConfiguration;
			buildSettings = {
				ALWAYS_SEARCH_USER_PATHS = NO;
				CLANG_ANALYZER_NONNULL = YES;
				CLANG_ANALYZER_NUMBER_OBJECT_CONVERSION = YES_AGGRESSIVE;
				CLANG_CXX_LANGUAGE_STANDARD = "gnu++14";
				CLANG_CXX_LIBRARY = "libc++";
				CLANG_ENABLE_MODULES = YES;
				CLANG_ENABLE_OBJC_ARC = YES;
				CLANG_ENABLE_OBJC_WEAK = YES;
				CLANG_WARN_BLOCK_CAPTURE_AUTORELEASING = YES;
				CLANG_WARN_BOOL_CONVERSION = YES;
				CLANG_WARN_COMMA = YES;
				CLANG_WARN_CONSTANT_CONVERSION = YES;
				CLANG_WARN_DEPRECATED_OBJC_IMPLEMENTATIONS = YES;
				CLANG_WARN_DIRECT_OBJC_ISA_USAGE = YES_ERROR;
				CLANG_WARN_DOCUMENTATION_COMMENTS = YES;
				CLANG_WARN_EMPTY_BODY = YES;
				CLANG_WARN_ENUM_CONVERSION = YES;
				CLANG_WARN_INFINITE_RECURSION = YES;
				CLANG_WARN_INT_CONVERSION = YES;
				CLANG_WARN_NON_LITERAL_NULL_CONVERSION = YES;
				CLANG_WARN_OBJC_IMPLICIT_RETAIN_SELF = YES;
				CLANG_WARN_OBJC_LITERAL_CONVERSION = YES;
				CLANG_WARN_OBJC_ROOT_CLASS = YES_ERROR;
				CLANG_WARN_RANGE_LOOP_ANALYSIS = YES;
				CLANG_WARN_STRICT_PROTOTYPES = YES;
				CLANG_WARN_SUSPICIOUS_MOVE = YES;
				CLANG_WARN_UNGUARDED_AVAILABILITY = YES_AGGRESSIVE;
				CLANG_WARN_UNREACHABLE_CODE = YES;
				CLANG_WARN__DUPLICATE_METHOD_MATCH = YES;
				COPY_PHASE_STRIP = NO;
				DEBUG_INFORMATION_FORMAT = "dwarf-with-dsym";
				ENABLE_NS_ASSERTIONS = NO;
				ENABLE_STRICT_OBJC_MSGSEND = YES;
				GCC_C_LANGUAGE_STANDARD = gnu11;
				GCC_NO_COMMON_BLOCKS = YES;
				GCC_WARN_64_TO_32_BIT_CONVERSION = YES;
				GCC_WARN_ABOUT_RETURN_TYPE = YES_ERROR;
				GCC_WARN_UNDECLARED_SELECTOR = YES;
				GCC_WARN_UNINITIALIZED_AUTOS = YES_AGGRESSIVE;
				GCC_WARN_UNUSED_FUNCTION = YES;
				GCC_WARN_UNUSED_VARIABLE = YES;
				IPHONEOS_DEPLOYMENT_TARGET = 13.0;
				MTL_ENABLE_DEBUG_INFO = NO;
				MTL_FAST_MATH = YES;
				SDKROOT = iphoneos;
				SWIFT_COMPILATION_MODE = wholemodule;
				SWIFT_OPTIMIZATION_LEVEL = "-O";
				VALIDATE_PRODUCT = YES;
			};
			name = Release;
		};
		4C7AB40A2345079700746796 /* Debug */ = {
			isa = XCBuildConfiguration;
			buildSettings = {
				ASSETCATALOG_COMPILER_APPICON_NAME = AppIcon;
				CODE_SIGN_STYLE = Automatic;
				CURRENT_PROJECT_VERSION = 1.0.1;
				DEVELOPMENT_TEAM = H67HBX73UR;
				INFOPLIST_FILE = frameIT2/Info.plist;
				LD_RUNPATH_SEARCH_PATHS = (
					"$(inherited)",
					"@executable_path/Frameworks",
				);
				PRODUCT_BUNDLE_IDENTIFIER = com.kalinbalabanov.frameIT2;
				PRODUCT_NAME = "$(TARGET_NAME)";
				SWIFT_VERSION = 5.0;
				TARGETED_DEVICE_FAMILY = "1,2";
			};
			name = Debug;
		};
		4C7AB40B2345079700746796 /* Release */ = {
			isa = XCBuildConfiguration;
			buildSettings = {
				ASSETCATALOG_COMPILER_APPICON_NAME = AppIcon;
				CODE_SIGN_STYLE = Automatic;
				CURRENT_PROJECT_VERSION = 1.0.1;
				DEVELOPMENT_TEAM = H67HBX73UR;
				INFOPLIST_FILE = frameIT2/Info.plist;
				LD_RUNPATH_SEARCH_PATHS = (
					"$(inherited)",
					"@executable_path/Frameworks",
				);
				PRODUCT_BUNDLE_IDENTIFIER = com.kalinbalabanov.frameIT2;
				PRODUCT_NAME = "$(TARGET_NAME)";
				SWIFT_VERSION = 5.0;
				TARGETED_DEVICE_FAMILY = "1,2";
			};
			name = Release;
		};
/* End XCBuildConfiguration section */

/* Begin XCConfigurationList section */
		4C7AB3F02345079600746796 /* Build configuration list for PBXProject "frameIT2" */ = {
			isa = XCConfigurationList;
			buildConfigurations = (
				4C7AB4072345079700746796 /* Debug */,
				4C7AB4082345079700746796 /* Release */,
			);
			defaultConfigurationIsVisible = 0;
			defaultConfigurationName = Release;
		};
		4C7AB4092345079700746796 /* Build configuration list for PBXNativeTarget "frameIT2" */ = {
			isa = XCConfigurationList;
			buildConfigurations = (
				4C7AB40A2345079700746796 /* Debug */,
				4C7AB40B2345079700746796 /* Release */,
			);
			defaultConfigurationIsVisible = 0;
			defaultConfigurationName = Release;
		};
/* End XCConfigurationList section */
	};
	rootObject = 4C7AB3ED2345079600746796 /* Project object */;
}
